
Microsoft Visual Studio Solution File, Format Version 12.00
# Visual Studio Version 16
VisualStudioVersion = 16.0.30204.135
MinimumVisualStudioVersion = 10.0.40219.1
Project("{FAE04EC0-301F-11D3-BF4B-00C04F79EFBC}") = "XamPctForms.Android", "XamPctForms.Android\XamPctForms.Android.csproj", "{63FB958E-8F77-427D-939F-A62754B4C027}"
EndProject
Project("{FAE04EC0-301F-11D3-BF4B-00C04F79EFBC}") = "XamPctForms.iOS", "XamPctForms.iOS\XamPctForms.iOS.csproj", "{97E87934-89CE-458F-86AD-EE221C2F058E}"
EndProject
Project("{FAE04EC0-301F-11D3-BF4B-00C04F79EFBC}") = "XamPctForms", "XamPctForms\XamPctForms.csproj", "{8568053F-EFD4-4098-9950-2E6674EB18B1}"
EndProject
Project("{FAE04EC0-301F-11D3-BF4B-00C04F79EFBC}") = "XamPctForms.NUnitCore.Tests", "..\XamPctForms.NUnitCore.Tests\XamPctForms.NUnitCore.Tests.csproj", "{61A7C10B-CD9F-4D14-BDC1-36F461427CB5}"
EndProject
Global
	GlobalSection(SolutionConfigurationPlatforms) = preSolution
		Debug|Any CPU = Debug|Any CPU
		Debug|iPhone = Debug|iPhone
		Debug|iPhoneSimulator = Debug|iPhoneSimulator
		Release|Any CPU = Release|Any CPU
		Release|iPhone = Release|iPhone
		Release|iPhoneSimulator = Release|iPhoneSimulator
	EndGlobalSection
	GlobalSection(ProjectConfigurationPlatforms) = postSolution
		{63FB958E-8F77-427D-939F-A62754B4C027}.Debug|Any CPU.ActiveCfg = Debug|Any CPU
		{63FB958E-8F77-427D-939F-A62754B4C027}.Debug|Any CPU.Build.0 = Debug|Any CPU
		{63FB958E-8F77-427D-939F-A62754B4C027}.Debug|Any CPU.Deploy.0 = Debug|Any CPU
		{63FB958E-8F77-427D-939F-A62754B4C027}.Debug|iPhone.ActiveCfg = Debug|Any CPU
		{63FB958E-8F77-427D-939F-A62754B4C027}.Debug|iPhone.Build.0 = Debug|Any CPU
		{63FB958E-8F77-427D-939F-A62754B4C027}.Debug|iPhone.Deploy.0 = Debug|Any CPU
		{63FB958E-8F77-427D-939F-A62754B4C027}.Debug|iPhoneSimulator.ActiveCfg = Debug|Any CPU
		{63FB958E-8F77-427D-939F-A62754B4C027}.Debug|iPhoneSimulator.Build.0 = Debug|Any CPU
		{63FB958E-8F77-427D-939F-A62754B4C027}.Debug|iPhoneSimulator.Deploy.0 = Debug|Any CPU
		{63FB958E-8F77-427D-939F-A62754B4C027}.Release|Any CPU.ActiveCfg = Release|Any CPU
		{63FB958E-8F77-427D-939F-A62754B4C027}.Release|Any CPU.Build.0 = Release|Any CPU
		{63FB958E-8F77-427D-939F-A62754B4C027}.Release|Any CPU.Deploy.0 = Release|Any CPU
		{63FB958E-8F77-427D-939F-A62754B4C027}.Release|iPhone.ActiveCfg = Release|Any CPU
		{63FB958E-8F77-427D-939F-A62754B4C027}.Release|iPhone.Build.0 = Release|Any CPU
		{63FB958E-8F77-427D-939F-A62754B4C027}.Release|iPhone.Deploy.0 = Release|Any CPU
		{63FB958E-8F77-427D-939F-A62754B4C027}.Release|iPhoneSimulator.ActiveCfg = Release|Any CPU
		{63FB958E-8F77-427D-939F-A62754B4C027}.Release|iPhoneSimulator.Build.0 = Release|Any CPU
		{63FB958E-8F77-427D-939F-A62754B4C027}.Release|iPhoneSimulator.Deploy.0 = Release|Any CPU
		{97E87934-89CE-458F-86AD-EE221C2F058E}.Debug|Any CPU.ActiveCfg = Debug|iPhone
		{97E87934-89CE-458F-86AD-EE221C2F058E}.Debug|Any CPU.Build.0 = Debug|iPhone
		{97E87934-89CE-458F-86AD-EE221C2F058E}.Debug|Any CPU.Deploy.0 = Debug|iPhone
		{97E87934-89CE-458F-86AD-EE221C2F058E}.Debug|iPhone.ActiveCfg = Debug|iPhone
		{97E87934-89CE-458F-86AD-EE221C2F058E}.Debug|iPhone.Build.0 = Debug|iPhone
		{97E87934-89CE-458F-86AD-EE221C2F058E}.Debug|iPhone.Deploy.0 = Debug|iPhone
		{97E87934-89CE-458F-86AD-EE221C2F058E}.Debug|iPhoneSimulator.ActiveCfg = Debug|iPhoneSimulator
		{97E87934-89CE-458F-86AD-EE221C2F058E}.Debug|iPhoneSimulator.Build.0 = Debug|iPhoneSimulator
		{97E87934-89CE-458F-86AD-EE221C2F058E}.Debug|iPhoneSimulator.Deploy.0 = Debug|iPhoneSimulator
		{97E87934-89CE-458F-86AD-EE221C2F058E}.Release|Any CPU.ActiveCfg = Release|iPhone
		{97E87934-89CE-458F-86AD-EE221C2F058E}.Release|Any CPU.Build.0 = Release|iPhone
		{97E87934-89CE-458F-86AD-EE221C2F058E}.Release|Any CPU.Deploy.0 = Release|iPhone
		{97E87934-89CE-458F-86AD-EE221C2F058E}.Release|iPhone.ActiveCfg = Release|iPhone
		{97E87934-89CE-458F-86AD-EE221C2F058E}.Release|iPhone.Build.0 = Release|iPhone
		{97E87934-89CE-458F-86AD-EE221C2F058E}.Release|iPhone.Deploy.0 = Release|iPhone
		{97E87934-89CE-458F-86AD-EE221C2F058E}.Release|iPhoneSimulator.ActiveCfg = Release|iPhoneSimulator
		{97E87934-89CE-458F-86AD-EE221C2F058E}.Release|iPhoneSimulator.Build.0 = Release|iPhoneSimulator
		{97E87934-89CE-458F-86AD-EE221C2F058E}.Release|iPhoneSimulator.Deploy.0 = Release|iPhoneSimulator
		{8568053F-EFD4-4098-9950-2E6674EB18B1}.Debug|Any CPU.ActiveCfg = Debug|Any CPU
		{8568053F-EFD4-4098-9950-2E6674EB18B1}.Debug|Any CPU.Build.0 = Debug|Any CPU
		{8568053F-EFD4-4098-9950-2E6674EB18B1}.Debug|Any CPU.Deploy.0 = Debug|Any CPU
		{8568053F-EFD4-4098-9950-2E6674EB18B1}.Debug|iPhone.ActiveCfg = Debug|Any CPU
		{8568053F-EFD4-4098-9950-2E6674EB18B1}.Debug|iPhone.Build.0 = Debug|Any CPU
		{8568053F-EFD4-4098-9950-2E6674EB18B1}.Debug|iPhone.Deploy.0 = Debug|Any CPU
		{8568053F-EFD4-4098-9950-2E6674EB18B1}.Debug|iPhoneSimulator.ActiveCfg = Debug|Any CPU
		{8568053F-EFD4-4098-9950-2E6674EB18B1}.Debug|iPhoneSimulator.Build.0 = Debug|Any CPU
		{8568053F-EFD4-4098-9950-2E6674EB18B1}.Debug|iPhoneSimulator.Deploy.0 = Debug|Any CPU
		{8568053F-EFD4-4098-9950-2E6674EB18B1}.Release|Any CPU.ActiveCfg = Release|Any CPU
		{8568053F-EFD4-4098-9950-2E6674EB18B1}.Release|Any CPU.Build.0 = Release|Any CPU
		{8568053F-EFD4-4098-9950-2E6674EB18B1}.Release|Any CPU.Deploy.0 = Release|Any CPU
		{8568053F-EFD4-4098-9950-2E6674EB18B1}.Release|iPhone.ActiveCfg = Release|Any CPU
		{8568053F-EFD4-4098-9950-2E6674EB18B1}.Release|iPhone.Build.0 = Release|Any CPU
		{8568053F-EFD4-4098-9950-2E6674EB18B1}.Release|iPhone.Deploy.0 = Release|Any CPU
		{8568053F-EFD4-4098-9950-2E6674EB18B1}.Release|iPhoneSimulator.ActiveCfg = Release|Any CPU
		{8568053F-EFD4-4098-9950-2E6674EB18B1}.Release|iPhoneSimulator.Build.0 = Release|Any CPU
		{8568053F-EFD4-4098-9950-2E6674EB18B1}.Release|iPhoneSimulator.Deploy.0 = Release|Any CPU
		{61A7C10B-CD9F-4D14-BDC1-36F461427CB5}.Debug|Any CPU.ActiveCfg = Debug|Any CPU
		{61A7C10B-CD9F-4D14-BDC1-36F461427CB5}.Debug|Any CPU.Build.0 = Debug|Any CPU
		{61A7C10B-CD9F-4D14-BDC1-36F461427CB5}.Debug|iPhone.ActiveCfg = Debug|Any CPU
		{61A7C10B-CD9F-4D14-BDC1-36F461427CB5}.Debug|iPhone.Build.0 = Debug|Any CPU
		{61A7C10B-CD9F-4D14-BDC1-36F461427CB5}.Debug|iPhoneSimulator.ActiveCfg = Debug|Any CPU
		{61A7C10B-CD9F-4D14-BDC1-36F461427CB5}.Debug|iPhoneSimulator.Build.0 = Debug|Any CPU
		{61A7C10B-CD9F-4D14-BDC1-36F461427CB5}.Release|Any CPU.ActiveCfg = Release|Any CPU
		{61A7C10B-CD9F-4D14-BDC1-36F461427CB5}.Release|Any CPU.Build.0 = Release|Any CPU
		{61A7C10B-CD9F-4D14-BDC1-36F461427CB5}.Release|iPhone.ActiveCfg = Release|Any CPU
		{61A7C10B-CD9F-4D14-BDC1-36F461427CB5}.Release|iPhone.Build.0 = Release|Any CPU
		{61A7C10B-CD9F-4D14-BDC1-36F461427CB5}.Release|iPhoneSimulator.ActiveCfg = Release|Any CPU
		{61A7C10B-CD9F-4D14-BDC1-36F461427CB5}.Release|iPhoneSimulator.Build.0 = Release|Any CPU
	EndGlobalSection
	GlobalSection(SolutionProperties) = preSolution
		HideSolutionNode = FALSE
	EndGlobalSection
	GlobalSection(ExtensibilityGlobals) = postSolution
		SolutionGuid = {FE9132A3-0CF9-4299-9093-54BAB5A9CC6E}
	EndGlobalSection
EndGlobal
